github.com/google/go-cmp v0.5.8 h1:e6P7q2lk1O+qJJb4BtCQXlK8vWEO8V1ZeuEdJNOqZyg=
github.com/google/go-cmp v0.5.8/go.mod h1:17dUlkBOakJ0+DkrSSNjCkIjxS6bF9zb3elmeNGIjoY=
go.devnw.com/validator v1.0.8 h1:IUuu8o7WKZPf5WsiUWvdU7qwBZvWwKezpZQnXn2gX+k=
go.devnw.com/validator v1.0.8/go.mod h1:5kfqytQCBGTupXx1ZoIfV97qvKtsAi6lt2HfmvjWa6A=
