github.com/google/go-cmp v0.6.0 h1:ofyhxvXcZhMsU5ulbFiLKl/XBFqE1GSq7atu8tAmTRI=
github.com/google/go-cmp v0.6.0/go.mod h1:17dUlkBOakJ0+DkrSSNjCkIjxS6bF9zb3elmeNGIjoY=
go.devnw.com/validator v1.0.8 h1:IUuu8o7WKZPf5WsiUWvdU7qwBZvWwKezpZQnXn2gX+k=
go.devnw.com/validator v1.0.8/go.mod h1:5kfqytQCBGTupXx1ZoIfV97qvKtsAi6lt2HfmvjWa6A=
